
Microsoft Visual Studio Solution File, Format Version 12.00
# Visual Studio Version 17
VisualStudioVersion = 17.8.34309.116
MinimumVisualStudioVersion = 10.0.40219.1
Project("{9A19103F-16F7-4668-BE54-9A1E7A4F7556}") = "CatalogApi", "src\CatalogApi\CatalogApi.csproj", "{730AAB77-D8CD-451E-9B52-6EECBD8420DC}"
EndProject
Project("{2150E333-8FDC-42A3-9474-1A3956D46DE8}") = "src", "src", "{3ECCBCF3-5338-4EE9-8C3C-311564504BE1}"
EndProject
Project("{FAE04EC0-301F-11D3-BF4B-00C04F79EFBC}") = "Sandbox", "Sandbox\Sandbox.csproj", "{D76E17EA-D972-4D68-BF81-178EF5214926}"
EndProject
Global
	GlobalSection(SolutionConfigurationPlatforms) = preSolution
		Debug|Any CPU = Debug|Any CPU
		Release|Any CPU = Release|Any CPU
	EndGlobalSection
	GlobalSection(ProjectConfigurationPlatforms) = postSolution
		{730AAB77-D8CD-451E-9B52-6EECBD8420DC}.Debug|Any CPU.ActiveCfg = Debug|Any CPU
		{730AAB77-D8CD-451E-9B52-6EECBD8420DC}.Debug|Any CPU.Build.0 = Debug|Any CPU
		{730AAB77-D8CD-451E-9B52-6EECBD8420DC}.Release|Any CPU.ActiveCfg = Release|Any CPU
		{730AAB77-D8CD-451E-9B52-6EECBD8420DC}.Release|Any CPU.Build.0 = Release|Any CPU
		{D76E17EA-D972-4D68-BF81-178EF5214926}.Debug|Any CPU.ActiveCfg = Debug|Any CPU
		{D76E17EA-D972-4D68-BF81-178EF5214926}.Debug|Any CPU.Build.0 = Debug|Any CPU
		{D76E17EA-D972-4D68-BF81-178EF5214926}.Release|Any CPU.ActiveCfg = Release|Any CPU
		{D76E17EA-D972-4D68-BF81-178EF5214926}.Release|Any CPU.Build.0 = Release|Any CPU
	EndGlobalSection
	GlobalSection(SolutionProperties) = preSolution
		HideSolutionNode = FALSE
	EndGlobalSection
	GlobalSection(NestedProjects) = preSolution
		{730AAB77-D8CD-451E-9B52-6EECBD8420DC} = {3ECCBCF3-5338-4EE9-8C3C-311564504BE1}
		{D76E17EA-D972-4D68-BF81-178EF5214926} = {3ECCBCF3-5338-4EE9-8C3C-311564504BE1}
	EndGlobalSection
	GlobalSection(ExtensibilityGlobals) = postSolution
		SolutionGuid = {C25DD98A-C60E-4852-AF77-FFBF5A36CD04}
	EndGlobalSection
EndGlobal
